<?xml version="1.0" encoding="utf-8"?>
<Project ToolsVersion="4.0" xmlns="http://schemas.microsoft.com/developer/msbuild/2003">
  <ItemGroup>
    <Filter Include="win32">
      <UniqueIdentifier>{84a8ebd7-7cf0-47f6-b75e-d441df67da40}</UniqueIdentifier>
    </Filter>
    <Filter Include="resource">
      <UniqueIdentifier>{715254bc-d70b-4ec5-bf29-467dd3ace079}</UniqueIdentifier>
    </Filter>
    <Filter Include="src">
      <UniqueIdentifier>{bb6c862e-70e9-49d9-81b7-3829a6f50471}</UniqueIdentifier>
    </Filter>
    <Filter Include="src\Entity">
      <UniqueIdentifier>{a4113e94-9524-4909-865f-7d391b71c422}</UniqueIdentifier>
    </Filter>
    <Filter Include="src\Components">
      <UniqueIdentifier>{55c4f26e-bcc4-48a4-8bd0-c1c73cdc9520}</UniqueIdentifier>
    </Filter>
    <Filter Include="src\Systems">
      <UniqueIdentifier>{48f76738-1408-4221-a031-32f861f179f8}</UniqueIdentifier>
    </Filter>
    <Filter Include="src\Input">
      <UniqueIdentifier>{7e3ff16e-7808-4c1d-8fd6-51eada675f61}</UniqueIdentifier>
    </Filter>
    <Filter Include="src\spine-c">
      <UniqueIdentifier>{1039f263-3c45-4d30-8e6a-bb35b8f56176}</UniqueIdentifier>
    </Filter>
    <Filter Include="src\spine-cocos2dx">
      <UniqueIdentifier>{80dfe696-7ca6-4b9a-b076-b7287a650820}</UniqueIdentifier>
    </Filter>
  </ItemGroup>
  <ItemGroup>
    <ClCompile Include="main.cpp">
      <Filter>win32</Filter>
    </ClCompile>
    <ClCompile Include="..\Classes\AppDelegate.cpp">
      <Filter>src</Filter>
    </ClCompile>
    <ClCompile Include="..\Classes\SplashScreen.cpp">
      <Filter>src</Filter>
    </ClCompile>
    <ClCompile Include="..\Classes\MainMenu.cpp">
      <Filter>src</Filter>
    </ClCompile>
    <ClCompile Include="..\Classes\Game.cpp">
      <Filter>src</Filter>
    </ClCompile>
    <ClCompile Include="..\Classes\Player.cpp">
      <Filter>src\Entity</Filter>
    </ClCompile>
    <ClCompile Include="..\Classes\GLES-Render.cpp">
      <Filter>src</Filter>
    </ClCompile>
    <ClCompile Include="..\Classes\Input\SneakyButton.cpp">
      <Filter>src\Input</Filter>
    </ClCompile>
    <ClCompile Include="..\Classes\Input\SneakyButtonSkinnedBase.cpp">
      <Filter>src\Input</Filter>
    </ClCompile>
    <ClCompile Include="..\Classes\Input\SneakyJoystick.cpp">
      <Filter>src\Input</Filter>
    </ClCompile>
    <ClCompile Include="..\Classes\Input\SneakyJoystickSkinnedBase.cpp">
      <Filter>src\Input</Filter>
    </ClCompile>
    <ClCompile Include="..\Classes\Input\Controller.cpp">
      <Filter>src\Input</Filter>
    </ClCompile>
    <ClCompile Include="..\Classes\InfiniteParallax.cpp">
      <Filter>src</Filter>
    </ClCompile>
    <ClCompile Include="..\Classes\GameController.cpp">
      <Filter>src</Filter>
    </ClCompile>
    <ClCompile Include="..\Classes\PhysicsLoader.cpp">
      <Filter>src</Filter>
    </ClCompile>
    <ClCompile Include="..\Classes\CreatureBar.cpp">
      <Filter>src</Filter>
    </ClCompile>
    <ClCompile Include="..\..\..\Libraries\spine-runtimes\spine-c\spine-c\src\spine\AnimationState.c">
      <Filter>src\spine-c</Filter>
    </ClCompile>
    <ClCompile Include="..\..\..\Libraries\spine-runtimes\spine-c\spine-c\src\spine\AnimationStateData.c">
      <Filter>src\spine-c</Filter>
    </ClCompile>
    <ClCompile Include="..\..\..\Libraries\spine-runtimes\spine-c\spine-c\src\spine\Atlas.c">
      <Filter>src\spine-c</Filter>
    </ClCompile>
    <ClCompile Include="..\..\..\Libraries\spine-runtimes\spine-c\spine-c\src\spine\AtlasAttachmentLoader.c">
      <Filter>src\spine-c</Filter>
    </ClCompile>
    <ClCompile Include="..\..\..\Libraries\spine-runtimes\spine-c\spine-c\src\spine\Attachment.c">
      <Filter>src\spine-c</Filter>
    </ClCompile>
    <ClCompile Include="..\..\..\Libraries\spine-runtimes\spine-c\spine-c\src\spine\AttachmentLoader.c">
      <Filter>src\spine-c</Filter>
    </ClCompile>
    <ClCompile Include="..\..\..\Libraries\spine-runtimes\spine-c\spine-c\src\spine\Bone.c">
      <Filter>src\spine-c</Filter>
    </ClCompile>
    <ClCompile Include="..\..\..\Libraries\spine-runtimes\spine-c\spine-c\src\spine\BoneData.c">
      <Filter>src\spine-c</Filter>
    </ClCompile>
    <ClCompile Include="..\..\..\Libraries\spine-runtimes\spine-c\spine-c\src\spine\BoundingBoxAttachment.c">
      <Filter>src\spine-c</Filter>
    </ClCompile>
    <ClCompile Include="..\..\..\Libraries\spine-runtimes\spine-c\spine-c\src\spine\Event.c">
      <Filter>src\spine-c</Filter>
    </ClCompile>
    <ClCompile Include="..\..\..\Libraries\spine-runtimes\spine-c\spine-c\src\spine\EventData.c">
      <Filter>src\spine-c</Filter>
    </ClCompile>
    <ClCompile Include="..\..\..\Libraries\spine-runtimes\spine-c\spine-c\src\spine\extension.c">
      <Filter>src\spine-c</Filter>
    </ClCompile>
    <ClCompile Include="..\..\..\Libraries\spine-runtimes\spine-c\spine-c\src\spine\IkConstraint.c">
      <Filter>src\spine-c</Filter>
    </ClCompile>
    <ClCompile Include="..\..\..\Libraries\spine-runtimes\spine-c\spine-c\src\spine\IkConstraintData.c">
      <Filter>src\spine-c</Filter>
    </ClCompile>
    <ClCompile Include="..\..\..\Libraries\spine-runtimes\spine-c\spine-c\src\spine\Json.c">
      <Filter>src\spine-c</Filter>
    </ClCompile>
    <ClCompile Include="..\..\..\Libraries\spine-runtimes\spine-c\spine-c\src\spine\MeshAttachment.c">
      <Filter>src\spine-c</Filter>
    </ClCompile>
    <ClCompile Include="..\..\..\Libraries\spine-runtimes\spine-c\spine-c\src\spine\PathAttachment.c">
      <Filter>src\spine-c</Filter>
    </ClCompile>
    <ClCompile Include="..\..\..\Libraries\spine-runtimes\spine-c\spine-c\src\spine\PathConstraint.c">
      <Filter>src\spine-c</Filter>
    </ClCompile>
    <ClCompile Include="..\..\..\Libraries\spine-runtimes\spine-c\spine-c\src\spine\PathConstraintData.c">
      <Filter>src\spine-c</Filter>
    </ClCompile>
    <ClCompile Include="..\..\..\Libraries\spine-runtimes\spine-c\spine-c\src\spine\RegionAttachment.c">
      <Filter>src\spine-c</Filter>
    </ClCompile>
    <ClCompile Include="..\..\..\Libraries\spine-runtimes\spine-c\spine-c\src\spine\Skeleton.c">
      <Filter>src\spine-c</Filter>
    </ClCompile>
    <ClCompile Include="..\..\..\Libraries\spine-runtimes\spine-c\spine-c\src\spine\SkeletonBinary.c">
      <Filter>src\spine-c</Filter>
    </ClCompile>
    <ClCompile Include="..\..\..\Libraries\spine-runtimes\spine-c\spine-c\src\spine\SkeletonBounds.c">
      <Filter>src\spine-c</Filter>
    </ClCompile>
    <ClCompile Include="..\..\..\Libraries\spine-runtimes\spine-c\spine-c\src\spine\SkeletonData.c">
      <Filter>src\spine-c</Filter>
    </ClCompile>
    <ClCompile Include="..\..\..\Libraries\spine-runtimes\spine-c\spine-c\src\spine\SkeletonJson.c">
      <Filter>src\spine-c</Filter>
    </ClCompile>
    <ClCompile Include="..\..\..\Libraries\spine-runtimes\spine-c\spine-c\src\spine\Skin.c">
      <Filter>src\spine-c</Filter>
    </ClCompile>
    <ClCompile Include="..\..\..\Libraries\spine-runtimes\spine-c\spine-c\src\spine\Slot.c">
      <Filter>src\spine-c</Filter>
    </ClCompile>
    <ClCompile Include="..\..\..\Libraries\spine-runtimes\spine-c\spine-c\src\spine\SlotData.c">
      <Filter>src\spine-c</Filter>
    </ClCompile>
    <ClCompile Include="..\..\..\Libraries\spine-runtimes\spine-c\spine-c\src\spine\TransformConstraint.c">
      <Filter>src\spine-c</Filter>
    </ClCompile>
    <ClCompile Include="..\..\..\Libraries\spine-runtimes\spine-c\spine-c\src\spine\TransformConstraintData.c">
      <Filter>src\spine-c</Filter>
    </ClCompile>
    <ClCompile Include="..\..\..\Libraries\spine-runtimes\spine-c\spine-c\src\spine\VertexAttachment.c">
      <Filter>src\spine-c</Filter>
    </ClCompile>
    <ClCompile Include="..\..\..\Libraries\spine-runtimes\spine-c\spine-c\src\spine\Animation.c">
      <Filter>src\spine-c</Filter>
    </ClCompile>
    <ClCompile Include="..\..\..\Libraries\spine-runtimes\spine-cocos2dx\src\spine\AttachmentVertices.cpp">
      <Filter>src\spine-cocos2dx</Filter>
    </ClCompile>
    <ClCompile Include="..\..\..\Libraries\spine-runtimes\spine-cocos2dx\src\spine\Cocos2dAttachmentLoader.cpp">
      <Filter>src\spine-cocos2dx</Filter>
    </ClCompile>
    <ClCompile Include="..\..\..\Libraries\spine-runtimes\spine-cocos2dx\src\spine\SkeletonAnimation.cpp">
      <Filter>src\spine-cocos2dx</Filter>
    </ClCompile>
    <ClCompile Include="..\..\..\Libraries\spine-runtimes\spine-cocos2dx\src\spine\SkeletonBatch.cpp">
      <Filter>src\spine-cocos2dx</Filter>
    </ClCompile>
    <ClCompile Include="..\..\..\Libraries\spine-runtimes\spine-cocos2dx\src\spine\SkeletonRenderer.cpp">
      <Filter>src\spine-cocos2dx</Filter>
    </ClCompile>
    <ClCompile Include="..\..\..\Libraries\spine-runtimes\spine-cocos2dx\src\spine\spine-cocos2dx.cpp">
      <Filter>src\spine-cocos2dx</Filter>
    </ClCompile>
  </ItemGroup>
  <ItemGroup>
    <ClInclude Include="main.h">
      <Filter>win32</Filter>
    </ClInclude>
    <ClInclude Include="..\Classes\AppDelegate.h">
      <Filter>src</Filter>
    </ClInclude>
    <ClInclude Include="..\Classes\SplashScreen.h">
      <Filter>src</Filter>
    </ClInclude>
    <ClInclude Include="..\Classes\MainMenu.h">
      <Filter>src</Filter>
    </ClInclude>
    <ClInclude Include="..\Classes\Game.h">
      <Filter>src</Filter>
    </ClInclude>
    <ClInclude Include="..\Classes\enums.h">
      <Filter>src</Filter>
    </ClInclude>
    <ClInclude Include="..\Classes\Player.h">
      <Filter>src\Entity</Filter>
    </ClInclude>
    <ClInclude Include="..\Classes\Components\PositionComponent.h">
      <Filter>src\Components</Filter>
    </ClInclude>
    <ClInclude Include="..\Classes\Components\SpriteComponent.h">
      <Filter>src\Components</Filter>
    </ClInclude>
    <ClInclude Include="..\Classes\Components\InputComponent.h">
      <Filter>src\Components</Filter>
    </ClInclude>
    <ClInclude Include="..\Classes\Systems\InputSystem.h">
      <Filter>src\Systems</Filter>
    </ClInclude>
    <ClInclude Include="..\Classes\Components\PhysicsBodyComponent.h">
      <Filter>src\Components</Filter>
    </ClInclude>
    <ClInclude Include="..\Classes\Components\CreatureComponent.h">
      <Filter>src\Components</Filter>
    </ClInclude>
    <ClInclude Include="..\Classes\Components\PlayerComponent.h">
      <Filter>src\Components</Filter>
    </ClInclude>
    <ClInclude Include="..\Classes\Components\EnemyComponent.h">
      <Filter>src\Components</Filter>
    </ClInclude>
    <ClInclude Include="..\Classes\Components\AIComponent.h">
      <Filter>src\Components</Filter>
    </ClInclude>
    <ClInclude Include="..\Classes\GLES-Render.h">
      <Filter>src</Filter>
    </ClInclude>
    <ClInclude Include="..\Classes\Input\SneakyButton.h">
      <Filter>src\Input</Filter>
    </ClInclude>
    <ClInclude Include="..\Classes\Input\SneakyButtonSkinnedBase.h">
      <Filter>src\Input</Filter>
    </ClInclude>
    <ClInclude Include="..\Classes\Input\SneakyJoystick.h">
      <Filter>src\Input</Filter>
    </ClInclude>
    <ClInclude Include="..\Classes\Input\SneakyJoystickSkinnedBase.h">
      <Filter>src\Input</Filter>
    </ClInclude>
    <ClInclude Include="..\Classes\Input\Controller.h">
      <Filter>src\Input</Filter>
    </ClInclude>
    <ClInclude Include="..\Classes\InfiniteParallax.h">
      <Filter>src</Filter>
    </ClInclude>
    <ClInclude Include="..\Classes\GameController.h">
      <Filter>src</Filter>
    </ClInclude>
    <ClInclude Include="..\Classes\Components\RapidComponents.h">
      <Filter>src\Components</Filter>
    </ClInclude>
    <ClInclude Include="..\Classes\Systems\RenderSystem.h">
      <Filter>src\Systems</Filter>
    </ClInclude>
    <ClInclude Include="..\Classes\PhysicsLoader.h">
      <Filter>src</Filter>
    </ClInclude>
    <ClInclude Include="..\Classes\CreatureBar.h">
      <Filter>src</Filter>
    </ClInclude>
    <ClInclude Include="..\..\..\Libraries\spine-runtimes\spine-c\spine-c\src\spine\Json.h">
      <Filter>src\spine-c</Filter>
    </ClInclude>
    <ClInclude Include="..\..\..\Libraries\spine-runtimes\spine-c\spine-c\src\spine\kvec.h">
      <Filter>src\spine-c</Filter>
    </ClInclude>
    <ClInclude Include="..\..\..\Libraries\spine-runtimes\spine-cocos2dx\src\spine\AttachmentVertices.h">
      <Filter>src\spine-cocos2dx</Filter>
    </ClInclude>
    <ClInclude Include="..\..\..\Libraries\spine-runtimes\spine-cocos2dx\src\spine\Cocos2dAttachmentLoader.h">
      <Filter>src\spine-cocos2dx</Filter>
    </ClInclude>
    <ClInclude Include="..\..\..\Libraries\spine-runtimes\spine-cocos2dx\src\spine\SkeletonAnimation.h">
      <Filter>src\spine-cocos2dx</Filter>
    </ClInclude>
    <ClInclude Include="..\..\..\Libraries\spine-runtimes\spine-cocos2dx\src\spine\SkeletonBatch.h">
      <Filter>src\spine-cocos2dx</Filter>
    </ClInclude>
    <ClInclude Include="..\..\..\Libraries\spine-runtimes\spine-cocos2dx\src\spine\SkeletonRenderer.h">
      <Filter>src\spine-cocos2dx</Filter>
    </ClInclude>
    <ClInclude Include="..\..\..\Libraries\spine-runtimes\spine-cocos2dx\src\spine\spine-cocos2dx.h">
      <Filter>src\spine-cocos2dx</Filter>
    </ClInclude>
  </ItemGroup>
  <ItemGroup>
    <ResourceCompile Include="game.rc">
      <Filter>resource</Filter>
    </ResourceCompile>
  </ItemGroup>
</Project>